
Microsoft Visual Studio Solution File, Format Version 12.00
# Visual Studio Version 17
VisualStudioVersion = 17.3.32819.101
MinimumVisualStudioVersion = 10.0.40219.1
Project("{FAE04EC0-301F-11D3-BF4B-00C04F79EFBC}") = "AdventOfCode", "AdventOfCode\AdventOfCode.csproj", "{A812E326-F240-405F-84BE-4A75FAF9F6CE}"
EndProject
Global
	GlobalSection(SolutionConfigurationPlatforms) = preSolution
		Debug|Any CPU = Debug|Any CPU
		Release|Any CPU = Release|Any CPU
	EndGlobalSection
	GlobalSection(ProjectConfigurationPlatforms) = postSolution
		{A812E326-F240-405F-84BE-4A75FAF9F6CE}.Debug|Any CPU.ActiveCfg = Debug|Any CPU
		{A812E326-F240-405F-84BE-4A75FAF9F6CE}.Debug|Any CPU.Build.0 = Debug|Any CPU
		{A812E326-F240-405F-84BE-4A75FAF9F6CE}.Release|Any CPU.ActiveCfg = Release|Any CPU
		{A812E326-F240-405F-84BE-4A75FAF9F6CE}.Release|Any CPU.Build.0 = Release|Any CPU
	EndGlobalSection
	GlobalSection(SolutionProperties) = preSolution
		HideSolutionNode = FALSE
	EndGlobalSection
	GlobalSection(ExtensibilityGlobals) = postSolution
		SolutionGuid = {1048A6C8-D13E-4087-86B3-BF0BEB6F4CF7}
	EndGlobalSection
EndGlobal
